
Microsoft Visual Studio Solution File, Format Version 12.00
# Visual Studio Version 16
VisualStudioVersion = 16.0.31729.503
MinimumVisualStudioVersion = 10.0.40219.1
Project("{8BC9CEB8-8B4A-11D0-8D11-00A0C91BC942}") = "minimum-size-subarray-sum", "minimum-size-subarray-sum.vcxproj", "{1A903D4D-E8A8-40E7-8209-FB934DD58282}"
EndProject
Global
	GlobalSection(SolutionConfigurationPlatforms) = preSolution
		Debug|x64 = Debug|x64
		Debug|x86 = Debug|x86
		Release|x64 = Release|x64
		Release|x86 = Release|x86
	EndGlobalSection
	GlobalSection(ProjectConfigurationPlatforms) = postSolution
		{1A903D4D-E8A8-40E7-8209-FB934DD58282}.Debug|x64.ActiveCfg = Debug|x64
		{1A903D4D-E8A8-40E7-8209-FB934DD58282}.Debug|x64.Build.0 = Debug|x64
		{1A903D4D-E8A8-40E7-8209-FB934DD58282}.Debug|x86.ActiveCfg = Debug|Win32
		{1A903D4D-E8A8-40E7-8209-FB934DD58282}.Debug|x86.Build.0 = Debug|Win32
		{1A903D4D-E8A8-40E7-8209-FB934DD58282}.Release|x64.ActiveCfg = Release|x64
		{1A903D4D-E8A8-40E7-8209-FB934DD58282}.Release|x64.Build.0 = Release|x64
		{1A903D4D-E8A8-40E7-8209-FB934DD58282}.Release|x86.ActiveCfg = Release|Win32
		{1A903D4D-E8A8-40E7-8209-FB934DD58282}.Release|x86.Build.0 = Release|Win32
	EndGlobalSection
	GlobalSection(SolutionProperties) = preSolution
		HideSolutionNode = FALSE
	EndGlobalSection
	GlobalSection(ExtensibilityGlobals) = postSolution
		SolutionGuid = {E32950E0-900A-42C8-A3BA-0DB5024630C2}
	EndGlobalSection
EndGlobal
