
Microsoft Visual Studio Solution File, Format Version 12.00
# Visual Studio Version 16
VisualStudioVersion = 16.0.31729.503
MinimumVisualStudioVersion = 10.0.40219.1
Project("{8BC9CEB8-8B4A-11D0-8D11-00A0C91BC942}") = "letter-combinations-of-a-phone-number", "letter-combinations-of-a-phone-number.vcxproj", "{8336B468-DB3C-4D61-BD79-321ED8B97753}"
EndProject
Global
	GlobalSection(SolutionConfigurationPlatforms) = preSolution
		Debug|x64 = Debug|x64
		Debug|x86 = Debug|x86
		Release|x64 = Release|x64
		Release|x86 = Release|x86
	EndGlobalSection
	GlobalSection(ProjectConfigurationPlatforms) = postSolution
		{8336B468-DB3C-4D61-BD79-321ED8B97753}.Debug|x64.ActiveCfg = Debug|x64
		{8336B468-DB3C-4D61-BD79-321ED8B97753}.Debug|x64.Build.0 = Debug|x64
		{8336B468-DB3C-4D61-BD79-321ED8B97753}.Debug|x86.ActiveCfg = Debug|Win32
		{8336B468-DB3C-4D61-BD79-321ED8B97753}.Debug|x86.Build.0 = Debug|Win32
		{8336B468-DB3C-4D61-BD79-321ED8B97753}.Release|x64.ActiveCfg = Release|x64
		{8336B468-DB3C-4D61-BD79-321ED8B97753}.Release|x64.Build.0 = Release|x64
		{8336B468-DB3C-4D61-BD79-321ED8B97753}.Release|x86.ActiveCfg = Release|Win32
		{8336B468-DB3C-4D61-BD79-321ED8B97753}.Release|x86.Build.0 = Release|Win32
	EndGlobalSection
	GlobalSection(SolutionProperties) = preSolution
		HideSolutionNode = FALSE
	EndGlobalSection
	GlobalSection(ExtensibilityGlobals) = postSolution
		SolutionGuid = {3BD6752D-02C1-4FA1-9048-30FA9BEA50B6}
	EndGlobalSection
EndGlobal
