
Microsoft Visual Studio Solution File, Format Version 12.00
# Visual Studio Version 16
VisualStudioVersion = 16.0.32002.261
MinimumVisualStudioVersion = 10.0.40219.1
Project("{8BC9CEB8-8B4A-11D0-8D11-00A0C91BC942}") = "CPP tasks", "CPP tasks.vcxproj", "{FEAC4368-2A99-4128-9231-B73B38344197}"
EndProject
Global
	GlobalSection(SolutionConfigurationPlatforms) = preSolution
		Debug|x64 = Debug|x64
		Debug|x86 = Debug|x86
		Release|x64 = Release|x64
		Release|x86 = Release|x86
	EndGlobalSection
	GlobalSection(ProjectConfigurationPlatforms) = postSolution
		{FEAC4368-2A99-4128-9231-B73B38344197}.Debug|x64.ActiveCfg = Debug|x64
		{FEAC4368-2A99-4128-9231-B73B38344197}.Debug|x64.Build.0 = Debug|x64
		{FEAC4368-2A99-4128-9231-B73B38344197}.Debug|x86.ActiveCfg = Debug|Win32
		{FEAC4368-2A99-4128-9231-B73B38344197}.Debug|x86.Build.0 = Debug|Win32
		{FEAC4368-2A99-4128-9231-B73B38344197}.Release|x64.ActiveCfg = Release|x64
		{FEAC4368-2A99-4128-9231-B73B38344197}.Release|x64.Build.0 = Release|x64
		{FEAC4368-2A99-4128-9231-B73B38344197}.Release|x86.ActiveCfg = Release|Win32
		{FEAC4368-2A99-4128-9231-B73B38344197}.Release|x86.Build.0 = Release|Win32
	EndGlobalSection
	GlobalSection(SolutionProperties) = preSolution
		HideSolutionNode = FALSE
	EndGlobalSection
	GlobalSection(ExtensibilityGlobals) = postSolution
		SolutionGuid = {E50E2719-8970-4B76-AAD1-AD7FDD583ED6}
	EndGlobalSection
EndGlobal
