
Microsoft Visual Studio Solution File, Format Version 12.00
# Visual Studio Version 16
VisualStudioVersion = 16.0.31729.503
MinimumVisualStudioVersion = 10.0.40219.1
Project("{8BC9CEB8-8B4A-11D0-8D11-00A0C91BC942}") = "jump-game", "jump-game.vcxproj", "{6F10B24B-0DC5-4622-B343-300B2A33EAF9}"
EndProject
Global
	GlobalSection(SolutionConfigurationPlatforms) = preSolution
		Debug|x64 = Debug|x64
		Debug|x86 = Debug|x86
		Release|x64 = Release|x64
		Release|x86 = Release|x86
	EndGlobalSection
	GlobalSection(ProjectConfigurationPlatforms) = postSolution
		{6F10B24B-0DC5-4622-B343-300B2A33EAF9}.Debug|x64.ActiveCfg = Debug|x64
		{6F10B24B-0DC5-4622-B343-300B2A33EAF9}.Debug|x64.Build.0 = Debug|x64
		{6F10B24B-0DC5-4622-B343-300B2A33EAF9}.Debug|x86.ActiveCfg = Debug|Win32
		{6F10B24B-0DC5-4622-B343-300B2A33EAF9}.Debug|x86.Build.0 = Debug|Win32
		{6F10B24B-0DC5-4622-B343-300B2A33EAF9}.Release|x64.ActiveCfg = Release|x64
		{6F10B24B-0DC5-4622-B343-300B2A33EAF9}.Release|x64.Build.0 = Release|x64
		{6F10B24B-0DC5-4622-B343-300B2A33EAF9}.Release|x86.ActiveCfg = Release|Win32
		{6F10B24B-0DC5-4622-B343-300B2A33EAF9}.Release|x86.Build.0 = Release|Win32
	EndGlobalSection
	GlobalSection(SolutionProperties) = preSolution
		HideSolutionNode = FALSE
	EndGlobalSection
	GlobalSection(ExtensibilityGlobals) = postSolution
		SolutionGuid = {8ACBC0C1-9B93-41DC-B9B8-355395974C17}
	EndGlobalSection
EndGlobal
